
Microsoft Visual Studio Solution File, Format Version 12.00
# Visual Studio 2013
VisualStudioVersion = 12.0.21005.1
MinimumVisualStudioVersion = 10.0.40219.1
Project("{F184B08F-C81C-45F6-A57F-5ABD9991F28F}") = "MyClientPluginRemoteScripting", "MyClientPlugin\MyClientPluginRemoteScripting.vbproj", "{DDFF346B-1506-4078-8EAF-D162FD4A138B}"
EndProject
Project("{F184B08F-C81C-45F6-A57F-5ABD9991F28F}") = "Shared Code", "Shared Code\Shared Code.vbproj", "{AC7A4984-D97F-4E1F-9FE2-44BE8A3A267C}"
EndProject
Project("{F184B08F-C81C-45F6-A57F-5ABD9991F28F}") = "MyServerPlugin", "MyServerPlugin\MyServerPlugin.vbproj", "{E3F17A7B-282D-4085-8384-0EF3AD8E0EB9}"
EndProject
Global
	GlobalSection(SolutionConfigurationPlatforms) = preSolution
		Debug|Any CPU = Debug|Any CPU
		Release|Any CPU = Release|Any CPU
	EndGlobalSection
	GlobalSection(ProjectConfigurationPlatforms) = postSolution
		{DDFF346B-1506-4078-8EAF-D162FD4A138B}.Debug|Any CPU.ActiveCfg = Debug|Any CPU
		{DDFF346B-1506-4078-8EAF-D162FD4A138B}.Debug|Any CPU.Build.0 = Debug|Any CPU
		{DDFF346B-1506-4078-8EAF-D162FD4A138B}.Release|Any CPU.ActiveCfg = Release|Any CPU
		{DDFF346B-1506-4078-8EAF-D162FD4A138B}.Release|Any CPU.Build.0 = Release|Any CPU
		{AC7A4984-D97F-4E1F-9FE2-44BE8A3A267C}.Debug|Any CPU.ActiveCfg = Debug|Any CPU
		{AC7A4984-D97F-4E1F-9FE2-44BE8A3A267C}.Debug|Any CPU.Build.0 = Debug|Any CPU
		{AC7A4984-D97F-4E1F-9FE2-44BE8A3A267C}.Release|Any CPU.ActiveCfg = Release|Any CPU
		{AC7A4984-D97F-4E1F-9FE2-44BE8A3A267C}.Release|Any CPU.Build.0 = Release|Any CPU
		{E3F17A7B-282D-4085-8384-0EF3AD8E0EB9}.Debug|Any CPU.ActiveCfg = Debug|Any CPU
		{E3F17A7B-282D-4085-8384-0EF3AD8E0EB9}.Debug|Any CPU.Build.0 = Debug|Any CPU
		{E3F17A7B-282D-4085-8384-0EF3AD8E0EB9}.Release|Any CPU.ActiveCfg = Release|Any CPU
		{E3F17A7B-282D-4085-8384-0EF3AD8E0EB9}.Release|Any CPU.Build.0 = Release|Any CPU
	EndGlobalSection
	GlobalSection(SolutionProperties) = preSolution
		HideSolutionNode = FALSE
	EndGlobalSection
EndGlobal
